<?xml version="1.0" encoding="utf-8"?>
<Project ToolsVersion="4.0" xmlns="http://schemas.microsoft.com/developer/msbuild/2003">
  <ItemGroup>
    <Filter Include="Source Files">
      <UniqueIdentifier>{4FC737F1-C7A5-4376-A066-2A32D752A2FF}</UniqueIdentifier>
      <Extensions>cpp;c;cc;cxx;c++;def;odl;idl;hpj;bat;asm;asmx</Extensions>
    </Filter>
    <Filter Include="Header Files">
      <UniqueIdentifier>{93995380-89BD-4b04-88EB-625FBE52EBFB}</UniqueIdentifier>
      <Extensions>h;hh;hpp;hxx;h++;hm;inl;inc;ipp;xsd</Extensions>
    </Filter>
    <Filter Include="Resource Files">
      <UniqueIdentifier>{67DA6AB6-F800-4c08-8B7A-83BB121AAD01}</UniqueIdentifier>
      <Extensions>rc;ico;cur;bmp;dlg;rc2;rct;bin;rgs;gif;jpg;jpeg;jpe;resx;tiff;tif;png;wav;mfcribbon-ms</Extensions>
    </Filter>
    <Filter Include="Shader Source Files">
      <UniqueIdentifier>{73979c43-ceed-4549-905f-de81d87ce3a1}</UniqueIdentifier>
    </Filter>
    <Filter Include="Header Files\JNI">
      <UniqueIdentifier>{0028e3ff-4561-4d54-89f5-6a7fdeb6abaa}</UniqueIdentifier>
    </Filter>
    <Filter Include="Source Files\JNI">
      <UniqueIdentifier>{15ed3e97-a1d3-477e-9783-e6715246613c}</UniqueIdentifier>
    </Filter>
    <Filter Include="Source Files\Win32">
      <UniqueIdentifier>{87f037b4-7b97-49c3-81b7-48ef9a4eae2b}</UniqueIdentifier>
    </Filter>
    <Filter Include="Header Files\Win32">
      <UniqueIdentifier>{94a78f47-e853-457e-bf61-851a5d940f32}</UniqueIdentifier>
    </Filter>
    <Filter Include="Header Files\DX">
      <UniqueIdentifier>{bcd3faa6-556f-4fb3-b7d6-1478f9b78e0c}</UniqueIdentifier>
    </Filter>
    <Filter Include="Source Files\DX">
      <UniqueIdentifier>{a90e5d75-94cc-42c5-b795-502f21675227}</UniqueIdentifier>
    </Filter>
    <Filter Include="Header Files\DX\Bindables">
      <UniqueIdentifier>{6d511a70-13c1-442c-a5bb-0b384fe20ce0}</UniqueIdentifier>
    </Filter>
    <Filter Include="Shader Header Files">
      <UniqueIdentifier>{8248f6ea-7dff-4c78-a76e-e57d92a9d3be}</UniqueIdentifier>
    </Filter>
  </ItemGroup>
  <ItemGroup>
    <ClCompile Include="dllmain.cpp">
      <Filter>Source Files</Filter>
    </ClCompile>
    <ClCompile Include="j3d_Window.cpp">
      <Filter>Source Files\JNI</Filter>
    </ClCompile>
    <ClCompile Include="j3d_Graphics.cpp">
      <Filter>Source Files\JNI</Filter>
    </ClCompile>
    <ClCompile Include="j3d_Keyboard.cpp">
      <Filter>Source Files\JNI</Filter>
    </ClCompile>
    <ClCompile Include="j3d_Mouse.cpp">
      <Filter>Source Files\JNI</Filter>
    </ClCompile>
    <ClCompile Include="Window.cpp">
      <Filter>Source Files\Win32</Filter>
    </ClCompile>
    <ClCompile Include="Keyboard.cpp">
      <Filter>Source Files\Win32</Filter>
    </ClCompile>
    <ClCompile Include="Mouse.cpp">
      <Filter>Source Files\Win32</Filter>
    </ClCompile>
    <ClCompile Include="Buffer.cpp">
      <Filter>Source Files\DX</Filter>
    </ClCompile>
    <ClCompile Include="Graphics.cpp">
      <Filter>Source Files\DX</Filter>
    </ClCompile>
    <ClCompile Include="VertexBuffer.cpp">
      <Filter>Source Files\DX</Filter>
    </ClCompile>
    <ClCompile Include="IndexBuffer.cpp">
      <Filter>Source Files\DX</Filter>
    </ClCompile>
    <ClCompile Include="Scene.cpp">
      <Filter>Source Files</Filter>
    </ClCompile>
    <ClCompile Include="Mesh.cpp">
      <Filter>Source Files</Filter>
    </ClCompile>
    <ClCompile Include="Shader.cpp">
      <Filter>Source Files</Filter>
    </ClCompile>
    <ClCompile Include="j3d_Scene.cpp">
      <Filter>Source Files\JNI</Filter>
    </ClCompile>
    <ClCompile Include="Camera.cpp">
      <Filter>Source Files</Filter>
    </ClCompile>
  </ItemGroup>
  <ItemGroup>
    <ClInclude Include="j3d_Window.h">
      <Filter>Header Files\JNI</Filter>
    </ClInclude>
    <ClInclude Include="j3d_Mouse.h">
      <Filter>Header Files\JNI</Filter>
    </ClInclude>
    <ClInclude Include="j3d_Keyboard.h">
      <Filter>Header Files\JNI</Filter>
    </ClInclude>
    <ClInclude Include="j3d_Graphics.h">
      <Filter>Header Files\JNI</Filter>
    </ClInclude>
    <ClInclude Include="Window.h">
      <Filter>Header Files\Win32</Filter>
    </ClInclude>
    <ClInclude Include="Mouse.h">
      <Filter>Header Files\Win32</Filter>
    </ClInclude>
    <ClInclude Include="Keyboard.h">
      <Filter>Header Files\Win32</Filter>
    </ClInclude>
    <ClInclude Include="Win32Utils.h">
      <Filter>Header Files\Win32</Filter>
    </ClInclude>
    <ClInclude Include="Buffer.h">
      <Filter>Header Files\DX</Filter>
    </ClInclude>
    <ClInclude Include="DXUtils.h">
      <Filter>Header Files\DX</Filter>
    </ClInclude>
    <ClInclude Include="Graphics.h">
      <Filter>Header Files\DX</Filter>
    </ClInclude>
    <ClInclude Include="JNIUtils.h">
      <Filter>Header Files\JNI</Filter>
    </ClInclude>
    <ClInclude Include="Util.h">
      <Filter>Header Files</Filter>
    </ClInclude>
    <ClInclude Include="Bindable.h">
      <Filter>Header Files\DX\Bindables</Filter>
    </ClInclude>
    <ClInclude Include="IndexBuffer.h">
      <Filter>Header Files\DX\Bindables</Filter>
    </ClInclude>
    <ClInclude Include="VertexBuffer.h">
      <Filter>Header Files\DX\Bindables</Filter>
    </ClInclude>
    <ClInclude Include="ConstantBuffer.h">
      <Filter>Header Files\DX\Bindables</Filter>
    </ClInclude>
    <ClInclude Include="Shader.h">
      <Filter>Header Files\DX\Bindables</Filter>
    </ClInclude>
    <ClInclude Include="j3d_Scene.h">
      <Filter>Header Files\JNI</Filter>
    </ClInclude>
    <ClInclude Include="BindableManager.h">
      <Filter>Header Files\DX</Filter>
    </ClInclude>
    <ClInclude Include="Camera.h">
      <Filter>Header Files\DX</Filter>
    </ClInclude>
    <ClInclude Include="Scene.h">
      <Filter>Header Files\DX</Filter>
    </ClInclude>
    <ClInclude Include="Mesh.h">
      <Filter>Header Files\DX</Filter>
    </ClInclude>
  </ItemGroup>
  <ItemGroup>
    <FxCompile Include="VertexShader.hlsl">
      <Filter>Shader Source Files</Filter>
    </FxCompile>
    <FxCompile Include="PixelShader.hlsl">
      <Filter>Shader Source Files</Filter>
    </FxCompile>
  </ItemGroup>
  <ItemGroup>
    <None Include="VSCBuffers.hlsli">
      <Filter>Shader Header Files</Filter>
    </None>
  </ItemGroup>
</Project>